
Microsoft Visual Studio Solution File, Format Version 12.00
# Visual Studio 15
VisualStudioVersion = 15.0.27703.2035
MinimumVisualStudioVersion = 10.0.40219.1
Project("{FAE04EC0-301F-11D3-BF4B-00C04F79EFBC}") = "Agh_Mes", "Agh_Mes\Agh_Mes.csproj", "{C3EF7BCA-417C-4B0C-B5E1-49340AE0C5E3}"
EndProject
Global
	GlobalSection(SolutionConfigurationPlatforms) = preSolution
		Debug|Any CPU = Debug|Any CPU
		Release|Any CPU = Release|Any CPU
	EndGlobalSection
	GlobalSection(ProjectConfigurationPlatforms) = postSolution
		{C3EF7BCA-417C-4B0C-B5E1-49340AE0C5E3}.Debug|Any CPU.ActiveCfg = Debug|Any CPU
		{C3EF7BCA-417C-4B0C-B5E1-49340AE0C5E3}.Debug|Any CPU.Build.0 = Debug|Any CPU
		{C3EF7BCA-417C-4B0C-B5E1-49340AE0C5E3}.Release|Any CPU.ActiveCfg = Release|Any CPU
		{C3EF7BCA-417C-4B0C-B5E1-49340AE0C5E3}.Release|Any CPU.Build.0 = Release|Any CPU
	EndGlobalSection
	GlobalSection(SolutionProperties) = preSolution
		HideSolutionNode = FALSE
	EndGlobalSection
	GlobalSection(ExtensibilityGlobals) = postSolution
		SolutionGuid = {F9ACD6CA-8DB1-4168-BB61-DE80011911FB}
	EndGlobalSection
EndGlobal
